
Microsoft Visual Studio Solution File, Format Version 12.00
# Visual Studio 2013
VisualStudioVersion = 12.0.21005.1
MinimumVisualStudioVersion = 10.0.40219.1
Project("{FAE04EC0-301F-11D3-BF4B-00C04F79EFBC}") = "Common", "Common\Common.csproj", "{94CA5F82-E9C5-4493-80D4-2DA493F81A81}"
EndProject
Project("{FAE04EC0-301F-11D3-BF4B-00C04F79EFBC}") = "Entity", "Entity\Entity.csproj", "{BC58B26D-0E62-423B-A92D-2EA0CDDDCA26}"
EndProject
Project("{FAE04EC0-301F-11D3-BF4B-00C04F79EFBC}") = "Creeper.Web", "Creeper.Web\Creeper.Web.csproj", "{55AA37F8-05A6-40B4-8387-66BD19579DA5}"
EndProject
Project("{FAE04EC0-301F-11D3-BF4B-00C04F79EFBC}") = "Creeper.WindowsService", "Creeper.WindowsService\Creeper.WindowsService.csproj", "{EF8F057E-A8B7-49B5-9B3E-76C394AE2F7D}"
EndProject
Project("{FAE04EC0-301F-11D3-BF4B-00C04F79EFBC}") = "Service", "Service\Service.csproj", "{3A986A9F-4F69-4510-95DD-69C3B7DDD918}"
EndProject
Global
	GlobalSection(SolutionConfigurationPlatforms) = preSolution
		Debug|Any CPU = Debug|Any CPU
		Release|Any CPU = Release|Any CPU
	EndGlobalSection
	GlobalSection(ProjectConfigurationPlatforms) = postSolution
		{94CA5F82-E9C5-4493-80D4-2DA493F81A81}.Debug|Any CPU.ActiveCfg = Debug|Any CPU
		{94CA5F82-E9C5-4493-80D4-2DA493F81A81}.Debug|Any CPU.Build.0 = Debug|Any CPU
		{94CA5F82-E9C5-4493-80D4-2DA493F81A81}.Release|Any CPU.ActiveCfg = Release|Any CPU
		{94CA5F82-E9C5-4493-80D4-2DA493F81A81}.Release|Any CPU.Build.0 = Release|Any CPU
		{BC58B26D-0E62-423B-A92D-2EA0CDDDCA26}.Debug|Any CPU.ActiveCfg = Debug|Any CPU
		{BC58B26D-0E62-423B-A92D-2EA0CDDDCA26}.Debug|Any CPU.Build.0 = Debug|Any CPU
		{BC58B26D-0E62-423B-A92D-2EA0CDDDCA26}.Release|Any CPU.ActiveCfg = Release|Any CPU
		{BC58B26D-0E62-423B-A92D-2EA0CDDDCA26}.Release|Any CPU.Build.0 = Release|Any CPU
		{55AA37F8-05A6-40B4-8387-66BD19579DA5}.Debug|Any CPU.ActiveCfg = Debug|Any CPU
		{55AA37F8-05A6-40B4-8387-66BD19579DA5}.Debug|Any CPU.Build.0 = Debug|Any CPU
		{55AA37F8-05A6-40B4-8387-66BD19579DA5}.Release|Any CPU.ActiveCfg = Release|Any CPU
		{55AA37F8-05A6-40B4-8387-66BD19579DA5}.Release|Any CPU.Build.0 = Release|Any CPU
		{EF8F057E-A8B7-49B5-9B3E-76C394AE2F7D}.Debug|Any CPU.ActiveCfg = Debug|Any CPU
		{EF8F057E-A8B7-49B5-9B3E-76C394AE2F7D}.Debug|Any CPU.Build.0 = Debug|Any CPU
		{EF8F057E-A8B7-49B5-9B3E-76C394AE2F7D}.Release|Any CPU.ActiveCfg = Release|Any CPU
		{EF8F057E-A8B7-49B5-9B3E-76C394AE2F7D}.Release|Any CPU.Build.0 = Release|Any CPU
		{3A986A9F-4F69-4510-95DD-69C3B7DDD918}.Debug|Any CPU.ActiveCfg = Debug|Any CPU
		{3A986A9F-4F69-4510-95DD-69C3B7DDD918}.Debug|Any CPU.Build.0 = Debug|Any CPU
		{3A986A9F-4F69-4510-95DD-69C3B7DDD918}.Release|Any CPU.ActiveCfg = Release|Any CPU
		{3A986A9F-4F69-4510-95DD-69C3B7DDD918}.Release|Any CPU.Build.0 = Release|Any CPU
	EndGlobalSection
	GlobalSection(SolutionProperties) = preSolution
		HideSolutionNode = FALSE
	EndGlobalSection
EndGlobal
